github.com/gorilla/mux v1.8.1 h1:TuBL49tXwgrFYWhqrNgrUNEY92u81SPhu7sTdzQEiWY=
github.com/gorilla/mux v1.8.1/go.mod h1:AKf9I4AEqPTmMytcMc0KkNouC66V3BtZ4qD5fmWSiMQ=
github.com/jullmi/restdb v1.0.4 h1:FNI9hBQbClQkXdi7/8pksEwDsr0ExSQzHAgEuBJhKmg=
github.com/jullmi/restdb v1.0.4/go.mod h1:zMD/xnfFclXpSgNcFpAitsMXf8z7SrHeHg0YtfliGLE=
